# This is a Gradle generated file for dependency locking.
# Manual edits can break the build and are not advised.
# This file is expected to be part of source control.
ch.qos.logback:logback-classic:1.2.7
ch.qos.logback:logback-core:1.2.7
com.fasterxml.jackson.core:jackson-annotations:2.13.0
com.fasterxml.jackson.core:jackson-core:2.13.0
com.fasterxml.jackson.core:jackson-databind:2.13.0
com.fasterxml.jackson.datatype:jackson-datatype-jdk8:2.13.0
com.fasterxml.jackson.datatype:jackson-datatype-jsr310:2.13.0
com.fasterxml.jackson.module:jackson-module-parameter-names:2.13.0
com.fasterxml.jackson:jackson-bom:2.13.0
commons-fileupload:commons-fileupload:1.4
commons-io:commons-io:2.2
io.github.openfeign.form:feign-form-spring:3.8.0
io.github.openfeign.form:feign-form:3.8.0
io.github.openfeign:feign-core:11.7
io.github.openfeign:feign-slf4j:11.7
io.micrometer:micrometer-core:1.8.0
jakarta.annotation:jakarta.annotation-api:1.3.5
javax.validation:validation-api:2.0.1.Final
org.apache.logging.log4j:log4j-api:2.16.0
org.apache.logging.log4j:log4j-to-slf4j:2.16.0
org.apache.tomcat.embed:tomcat-embed-core:9.0.55
org.apache.tomcat.embed:tomcat-embed-el:9.0.55
org.apache.tomcat.embed:tomcat-embed-websocket:9.0.55
org.aspectj:aspectjweaver:1.9.7
org.bouncycastle:bcpkix-jdk15on:1.68
org.bouncycastle:bcprov-jdk15on:1.68
org.hdrhistogram:HdrHistogram:2.1.12
org.projectlombok:lombok:1.18.22
org.slf4j:jul-to-slf4j:1.7.32
org.slf4j:slf4j-api:1.7.32
org.springframework.boot:spring-boot-actuator-autoconfigure:2.6.0
org.springframework.boot:spring-boot-actuator:2.6.0
org.springframework.boot:spring-boot-autoconfigure:2.6.0
org.springframework.boot:spring-boot-starter-actuator:2.6.0
org.springframework.boot:spring-boot-starter-aop:2.6.0
org.springframework.boot:spring-boot-starter-json:2.6.0
org.springframework.boot:spring-boot-starter-logging:2.6.0
org.springframework.boot:spring-boot-starter-tomcat:2.6.0
org.springframework.boot:spring-boot-starter-web:2.6.0
org.springframework.boot:spring-boot-starter:2.6.0
org.springframework.boot:spring-boot:2.6.0
org.springframework.cloud:spring-cloud-commons:3.1.0-RC1
org.springframework.cloud:spring-cloud-context:3.1.0-RC1
org.springframework.cloud:spring-cloud-openfeign-core:3.1.0-RC1
org.springframework.cloud:spring-cloud-starter-openfeign:3.1.0-RC1
org.springframework.cloud:spring-cloud-starter:3.1.0-RC1
org.springframework.security:spring-security-crypto:5.6.0
org.springframework.security:spring-security-rsa:1.0.10.RELEASE
org.springframework:spring-aop:5.3.13
org.springframework:spring-beans:5.3.13
org.springframework:spring-context:5.3.13
org.springframework:spring-core:5.3.13
org.springframework:spring-expression:5.3.13
org.springframework:spring-jcl:5.3.13
org.springframework:spring-web:5.3.13
org.springframework:spring-webmvc:5.3.13
org.yaml:snakeyaml:1.29
